
Microsoft Visual Studio Solution File, Format Version 12.00
# Visual Studio 2013
VisualStudioVersion = 12.0.30324.0
MinimumVisualStudioVersion = 10.0.40219.1
Project("{FAE04EC0-301F-11D3-BF4B-00C04F79EFBC}") = "OdeToFood", "OdeToFood\OdeToFood.csproj", "{ACA1204A-A0BC-4EE1-83A7-F86FBEFFD8D4}"
EndProject
Project("{FAE04EC0-301F-11D3-BF4B-00C04F79EFBC}") = "OdeToFood.Tests", "OdeToFood.Tests\OdeToFood.Tests.csproj", "{CB99A724-CE78-4581-8E33-41025ED7DB44}"
EndProject
Global
	GlobalSection(SolutionConfigurationPlatforms) = preSolution
		Debug|Any CPU = Debug|Any CPU
		Release|Any CPU = Release|Any CPU
	EndGlobalSection
	GlobalSection(ProjectConfigurationPlatforms) = postSolution
		{ACA1204A-A0BC-4EE1-83A7-F86FBEFFD8D4}.Debug|Any CPU.ActiveCfg = Debug|Any CPU
		{ACA1204A-A0BC-4EE1-83A7-F86FBEFFD8D4}.Debug|Any CPU.Build.0 = Debug|Any CPU
		{ACA1204A-A0BC-4EE1-83A7-F86FBEFFD8D4}.Release|Any CPU.ActiveCfg = Release|Any CPU
		{ACA1204A-A0BC-4EE1-83A7-F86FBEFFD8D4}.Release|Any CPU.Build.0 = Release|Any CPU
		{CB99A724-CE78-4581-8E33-41025ED7DB44}.Debug|Any CPU.ActiveCfg = Debug|Any CPU
		{CB99A724-CE78-4581-8E33-41025ED7DB44}.Debug|Any CPU.Build.0 = Debug|Any CPU
		{CB99A724-CE78-4581-8E33-41025ED7DB44}.Release|Any CPU.ActiveCfg = Release|Any CPU
		{CB99A724-CE78-4581-8E33-41025ED7DB44}.Release|Any CPU.Build.0 = Release|Any CPU
	EndGlobalSection
	GlobalSection(SolutionProperties) = preSolution
		HideSolutionNode = FALSE
	EndGlobalSection
EndGlobal
